
Microsoft Visual Studio Solution File, Format Version 12.00
# Visual Studio Version 17
VisualStudioVersion = 17.9.34728.123
MinimumVisualStudioVersion = 10.0.40219.1
Project("{FAE04EC0-301F-11D3-BF4B-00C04F79EFBC}") = "PassportRequestApi", "PassportRequestApi\PassportRequestApi.csproj", "{32E26285-DC19-4879-BFD9-559739FEBEDE}"
EndProject
Global
	GlobalSection(SolutionConfigurationPlatforms) = preSolution
		Debug|Any CPU = Debug|Any CPU
		Release|Any CPU = Release|Any CPU
	EndGlobalSection
	GlobalSection(ProjectConfigurationPlatforms) = postSolution
		{32E26285-DC19-4879-BFD9-559739FEBEDE}.Debug|Any CPU.ActiveCfg = Debug|Any CPU
		{32E26285-DC19-4879-BFD9-559739FEBEDE}.Debug|Any CPU.Build.0 = Debug|Any CPU
		{32E26285-DC19-4879-BFD9-559739FEBEDE}.Release|Any CPU.ActiveCfg = Release|Any CPU
		{32E26285-DC19-4879-BFD9-559739FEBEDE}.Release|Any CPU.Build.0 = Release|Any CPU
	EndGlobalSection
	GlobalSection(SolutionProperties) = preSolution
		HideSolutionNode = FALSE
	EndGlobalSection
	GlobalSection(ExtensibilityGlobals) = postSolution
		SolutionGuid = {E18D0DF8-399A-4796-AF55-1DBD628D843F}
	EndGlobalSection
EndGlobal
